
Microsoft Visual Studio Solution File, Format Version 12.00
# Visual Studio 14
VisualStudioVersion = 14.0.23107.0
MinimumVisualStudioVersion = 10.0.40219.1
Project("{FAE04EC0-301F-11D3-BF4B-00C04F79EFBC}") = "LicenseManager.XamForms.UI", "LicenseManager\LicenseManager.XamForms.UI.csproj", "{BF320B82-1A37-4226-8B22-DFE940668EDF}"
EndProject
Project("{FAE04EC0-301F-11D3-BF4B-00C04F79EFBC}") = "LicenseManager.UITests", "UITests\LicenseManager.UITests.csproj", "{28BE348D-2B79-4958-A90F-96AF625333CA}"
EndProject
Project("{FAE04EC0-301F-11D3-BF4B-00C04F79EFBC}") = "LicenseManager.Core", "LicenseManager.Core\LicenseManager.Core.csproj", "{67F9D3A8-F71E-4428-913F-C37AE82CDB24}"
EndProject
Project("{2150E333-8FDC-42A3-9474-1A3956D46DE8}") = "Platforms", "Platforms", "{01B967B0-E26B-4890-A695-053245E37CC1}"
EndProject
Project("{FAE04EC0-301F-11D3-BF4B-00C04F79EFBC}") = "LicenseManager.iOS", "iOS\LicenseManager.iOS.csproj", "{88578A15-90C9-4B9E-9E3E-9F95F755821E}"
EndProject
Project("{FAE04EC0-301F-11D3-BF4B-00C04F79EFBC}") = "LicenseManager.Droid", "Droid\LicenseManager.Droid.csproj", "{9E06FEE1-4394-4B38-B1CA-B9EB20E1000A}"
EndProject
Project("{FAE04EC0-301F-11D3-BF4B-00C04F79EFBC}") = "LicenseManager.Mac", "LicenseManager.Mac\LicenseManager.Mac.csproj", "{C2372F33-50C4-4327-BF78-49EF3DED3348}"
EndProject
Project("{FAE04EC0-301F-11D3-BF4B-00C04F79EFBC}") = "LicenseManager.WinPhoneRT", "LicenseManager.WinPhoneRT\LicenseManager.WinPhoneRT.csproj", "{6A8D2C66-28A9-490C-9E62-B4AA725629A1}"
EndProject
Project("{FAE04EC0-301F-11D3-BF4B-00C04F79EFBC}") = "LicenseManager.WinPhone", "LicenseManager.WinPhone\LicenseManager.WinPhone.csproj", "{A4DF95FE-6E5C-4A7A-A554-C8AE606610A8}"
EndProject
Project("{FAE04EC0-301F-11D3-BF4B-00C04F79EFBC}") = "LicenseManager.WinStore", "LicenseManager.WinStore\LicenseManager.WinStore.csproj", "{0136A40B-9888-4704-B0D3-4405EA22063E}"
EndProject
Project("{FAE04EC0-301F-11D3-BF4B-00C04F79EFBC}") = "LicenseManager.WinDesktop", "LicenseManager.WinDesktop\LicenseManager.WinDesktop.csproj", "{05C0E09C-95F9-4C36-B600-6F5963C550CB}"
EndProject
Project("{FAE04EC0-301F-11D3-BF4B-00C04F79EFBC}") = "LicenseManager.WinFormsDesktop", "LicenseManager.WinFormsDesktop\LicenseManager.WinFormsDesktop.csproj", "{CA797000-F072-4799-9DD4-3DF1F8E380FD}"
EndProject
Project("{FAE04EC0-301F-11D3-BF4B-00C04F79EFBC}") = "LicenseManager.Backend", "LicenseManager.Backend\LicenseManager.Backend.csproj", "{A5568E8C-1CF8-493A-A63D-74775D9E02EC}"
EndProject
Global
	GlobalSection(SolutionConfigurationPlatforms) = preSolution
		Debug|Any CPU = Debug|Any CPU
		Debug|ARM = Debug|ARM
		Debug|iPhone = Debug|iPhone
		Debug|iPhoneSimulator = Debug|iPhoneSimulator
		Debug|x64 = Debug|x64
		Debug|x86 = Debug|x86
		Release|Any CPU = Release|Any CPU
		Release|ARM = Release|ARM
		Release|iPhone = Release|iPhone
		Release|iPhoneSimulator = Release|iPhoneSimulator
		Release|x64 = Release|x64
		Release|x86 = Release|x86
	EndGlobalSection
	GlobalSection(ProjectConfigurationPlatforms) = postSolution
		{BF320B82-1A37-4226-8B22-DFE940668EDF}.Debug|Any CPU.ActiveCfg = Debug|Any CPU
		{BF320B82-1A37-4226-8B22-DFE940668EDF}.Debug|Any CPU.Build.0 = Debug|Any CPU
		{BF320B82-1A37-4226-8B22-DFE940668EDF}.Debug|ARM.ActiveCfg = Debug|Any CPU
		{BF320B82-1A37-4226-8B22-DFE940668EDF}.Debug|ARM.Build.0 = Debug|Any CPU
		{BF320B82-1A37-4226-8B22-DFE940668EDF}.Debug|iPhone.ActiveCfg = Debug|Any CPU
		{BF320B82-1A37-4226-8B22-DFE940668EDF}.Debug|iPhone.Build.0 = Debug|Any CPU
		{BF320B82-1A37-4226-8B22-DFE940668EDF}.Debug|iPhoneSimulator.ActiveCfg = Debug|Any CPU
		{BF320B82-1A37-4226-8B22-DFE940668EDF}.Debug|iPhoneSimulator.Build.0 = Debug|Any CPU
		{BF320B82-1A37-4226-8B22-DFE940668EDF}.Debug|x64.ActiveCfg = Debug|Any CPU
		{BF320B82-1A37-4226-8B22-DFE940668EDF}.Debug|x64.Build.0 = Debug|Any CPU
		{BF320B82-1A37-4226-8B22-DFE940668EDF}.Debug|x86.ActiveCfg = Debug|Any CPU
		{BF320B82-1A37-4226-8B22-DFE940668EDF}.Debug|x86.Build.0 = Debug|Any CPU
		{BF320B82-1A37-4226-8B22-DFE940668EDF}.Release|Any CPU.ActiveCfg = Release|Any CPU
		{BF320B82-1A37-4226-8B22-DFE940668EDF}.Release|Any CPU.Build.0 = Release|Any CPU
		{BF320B82-1A37-4226-8B22-DFE940668EDF}.Release|ARM.ActiveCfg = Release|Any CPU
		{BF320B82-1A37-4226-8B22-DFE940668EDF}.Release|ARM.Build.0 = Release|Any CPU
		{BF320B82-1A37-4226-8B22-DFE940668EDF}.Release|iPhone.ActiveCfg = Release|Any CPU
		{BF320B82-1A37-4226-8B22-DFE940668EDF}.Release|iPhone.Build.0 = Release|Any CPU
		{BF320B82-1A37-4226-8B22-DFE940668EDF}.Release|iPhoneSimulator.ActiveCfg = Release|Any CPU
		{BF320B82-1A37-4226-8B22-DFE940668EDF}.Release|iPhoneSimulator.Build.0 = Release|Any CPU
		{BF320B82-1A37-4226-8B22-DFE940668EDF}.Release|x64.ActiveCfg = Release|Any CPU
		{BF320B82-1A37-4226-8B22-DFE940668EDF}.Release|x64.Build.0 = Release|Any CPU
		{BF320B82-1A37-4226-8B22-DFE940668EDF}.Release|x86.ActiveCfg = Release|Any CPU
		{BF320B82-1A37-4226-8B22-DFE940668EDF}.Release|x86.Build.0 = Release|Any CPU
		{28BE348D-2B79-4958-A90F-96AF625333CA}.Debug|Any CPU.ActiveCfg = Debug|Any CPU
		{28BE348D-2B79-4958-A90F-96AF625333CA}.Debug|Any CPU.Build.0 = Debug|Any CPU
		{28BE348D-2B79-4958-A90F-96AF625333CA}.Debug|ARM.ActiveCfg = Debug|Any CPU
		{28BE348D-2B79-4958-A90F-96AF625333CA}.Debug|ARM.Build.0 = Debug|Any CPU
		{28BE348D-2B79-4958-A90F-96AF625333CA}.Debug|iPhone.ActiveCfg = Debug|Any CPU
		{28BE348D-2B79-4958-A90F-96AF625333CA}.Debug|iPhone.Build.0 = Debug|Any CPU
		{28BE348D-2B79-4958-A90F-96AF625333CA}.Debug|iPhoneSimulator.ActiveCfg = Debug|Any CPU
		{28BE348D-2B79-4958-A90F-96AF625333CA}.Debug|iPhoneSimulator.Build.0 = Debug|Any CPU
		{28BE348D-2B79-4958-A90F-96AF625333CA}.Debug|x64.ActiveCfg = Debug|Any CPU
		{28BE348D-2B79-4958-A90F-96AF625333CA}.Debug|x64.Build.0 = Debug|Any CPU
		{28BE348D-2B79-4958-A90F-96AF625333CA}.Debug|x86.ActiveCfg = Debug|Any CPU
		{28BE348D-2B79-4958-A90F-96AF625333CA}.Debug|x86.Build.0 = Debug|Any CPU
		{28BE348D-2B79-4958-A90F-96AF625333CA}.Release|Any CPU.ActiveCfg = Release|Any CPU
		{28BE348D-2B79-4958-A90F-96AF625333CA}.Release|Any CPU.Build.0 = Release|Any CPU
		{28BE348D-2B79-4958-A90F-96AF625333CA}.Release|ARM.ActiveCfg = Release|Any CPU
		{28BE348D-2B79-4958-A90F-96AF625333CA}.Release|ARM.Build.0 = Release|Any CPU
		{28BE348D-2B79-4958-A90F-96AF625333CA}.Release|iPhone.ActiveCfg = Release|Any CPU
		{28BE348D-2B79-4958-A90F-96AF625333CA}.Release|iPhone.Build.0 = Release|Any CPU
		{28BE348D-2B79-4958-A90F-96AF625333CA}.Release|iPhoneSimulator.ActiveCfg = Release|Any CPU
		{28BE348D-2B79-4958-A90F-96AF625333CA}.Release|iPhoneSimulator.Build.0 = Release|Any CPU
		{28BE348D-2B79-4958-A90F-96AF625333CA}.Release|x64.ActiveCfg = Release|Any CPU
		{28BE348D-2B79-4958-A90F-96AF625333CA}.Release|x64.Build.0 = Release|Any CPU
		{28BE348D-2B79-4958-A90F-96AF625333CA}.Release|x86.ActiveCfg = Release|Any CPU
		{28BE348D-2B79-4958-A90F-96AF625333CA}.Release|x86.Build.0 = Release|Any CPU
		{67F9D3A8-F71E-4428-913F-C37AE82CDB24}.Debug|Any CPU.ActiveCfg = Debug|Any CPU
		{67F9D3A8-F71E-4428-913F-C37AE82CDB24}.Debug|Any CPU.Build.0 = Debug|Any CPU
		{67F9D3A8-F71E-4428-913F-C37AE82CDB24}.Debug|ARM.ActiveCfg = Debug|Any CPU
		{67F9D3A8-F71E-4428-913F-C37AE82CDB24}.Debug|ARM.Build.0 = Debug|Any CPU
		{67F9D3A8-F71E-4428-913F-C37AE82CDB24}.Debug|iPhone.ActiveCfg = Debug|Any CPU
		{67F9D3A8-F71E-4428-913F-C37AE82CDB24}.Debug|iPhone.Build.0 = Debug|Any CPU
		{67F9D3A8-F71E-4428-913F-C37AE82CDB24}.Debug|iPhoneSimulator.ActiveCfg = Debug|Any CPU
		{67F9D3A8-F71E-4428-913F-C37AE82CDB24}.Debug|iPhoneSimulator.Build.0 = Debug|Any CPU
		{67F9D3A8-F71E-4428-913F-C37AE82CDB24}.Debug|x64.ActiveCfg = Debug|Any CPU
		{67F9D3A8-F71E-4428-913F-C37AE82CDB24}.Debug|x64.Build.0 = Debug|Any CPU
		{67F9D3A8-F71E-4428-913F-C37AE82CDB24}.Debug|x86.ActiveCfg = Debug|Any CPU
		{67F9D3A8-F71E-4428-913F-C37AE82CDB24}.Debug|x86.Build.0 = Debug|Any CPU
		{67F9D3A8-F71E-4428-913F-C37AE82CDB24}.Release|Any CPU.ActiveCfg = Release|Any CPU
		{67F9D3A8-F71E-4428-913F-C37AE82CDB24}.Release|Any CPU.Build.0 = Release|Any CPU
		{67F9D3A8-F71E-4428-913F-C37AE82CDB24}.Release|ARM.ActiveCfg = Release|Any CPU
		{67F9D3A8-F71E-4428-913F-C37AE82CDB24}.Release|ARM.Build.0 = Release|Any CPU
		{67F9D3A8-F71E-4428-913F-C37AE82CDB24}.Release|iPhone.ActiveCfg = Release|Any CPU
		{67F9D3A8-F71E-4428-913F-C37AE82CDB24}.Release|iPhone.Build.0 = Release|Any CPU
		{67F9D3A8-F71E-4428-913F-C37AE82CDB24}.Release|iPhoneSimulator.ActiveCfg = Release|Any CPU
		{67F9D3A8-F71E-4428-913F-C37AE82CDB24}.Release|iPhoneSimulator.Build.0 = Release|Any CPU
		{67F9D3A8-F71E-4428-913F-C37AE82CDB24}.Release|x64.ActiveCfg = Release|Any CPU
		{67F9D3A8-F71E-4428-913F-C37AE82CDB24}.Release|x64.Build.0 = Release|Any CPU
		{67F9D3A8-F71E-4428-913F-C37AE82CDB24}.Release|x86.ActiveCfg = Release|Any CPU
		{67F9D3A8-F71E-4428-913F-C37AE82CDB24}.Release|x86.Build.0 = Release|Any CPU
		{88578A15-90C9-4B9E-9E3E-9F95F755821E}.Debug|Any CPU.ActiveCfg = Debug|iPhoneSimulator
		{88578A15-90C9-4B9E-9E3E-9F95F755821E}.Debug|Any CPU.Build.0 = Debug|iPhoneSimulator
		{88578A15-90C9-4B9E-9E3E-9F95F755821E}.Debug|ARM.ActiveCfg = Debug|iPhone
		{88578A15-90C9-4B9E-9E3E-9F95F755821E}.Debug|iPhone.ActiveCfg = Debug|iPhone
		{88578A15-90C9-4B9E-9E3E-9F95F755821E}.Debug|iPhone.Build.0 = Debug|iPhone
		{88578A15-90C9-4B9E-9E3E-9F95F755821E}.Debug|iPhoneSimulator.ActiveCfg = Debug|iPhoneSimulator
		{88578A15-90C9-4B9E-9E3E-9F95F755821E}.Debug|iPhoneSimulator.Build.0 = Debug|iPhoneSimulator
		{88578A15-90C9-4B9E-9E3E-9F95F755821E}.Debug|x64.ActiveCfg = Debug|iPhone
		{88578A15-90C9-4B9E-9E3E-9F95F755821E}.Debug|x86.ActiveCfg = Debug|iPhone
		{88578A15-90C9-4B9E-9E3E-9F95F755821E}.Release|Any CPU.ActiveCfg = Release|iPhone
		{88578A15-90C9-4B9E-9E3E-9F95F755821E}.Release|Any CPU.Build.0 = Release|iPhone
		{88578A15-90C9-4B9E-9E3E-9F95F755821E}.Release|ARM.ActiveCfg = Release|iPhoneSimulator
		{88578A15-90C9-4B9E-9E3E-9F95F755821E}.Release|iPhone.ActiveCfg = Release|iPhone
		{88578A15-90C9-4B9E-9E3E-9F95F755821E}.Release|iPhone.Build.0 = Release|iPhone
		{88578A15-90C9-4B9E-9E3E-9F95F755821E}.Release|iPhoneSimulator.ActiveCfg = Release|iPhoneSimulator
		{88578A15-90C9-4B9E-9E3E-9F95F755821E}.Release|iPhoneSimulator.Build.0 = Release|iPhoneSimulator
		{88578A15-90C9-4B9E-9E3E-9F95F755821E}.Release|x64.ActiveCfg = Release|iPhoneSimulator
		{88578A15-90C9-4B9E-9E3E-9F95F755821E}.Release|x86.ActiveCfg = Release|iPhoneSimulator
		{9E06FEE1-4394-4B38-B1CA-B9EB20E1000A}.Debug|Any CPU.ActiveCfg = Debug|Any CPU
		{9E06FEE1-4394-4B38-B1CA-B9EB20E1000A}.Debug|Any CPU.Build.0 = Debug|Any CPU
		{9E06FEE1-4394-4B38-B1CA-B9EB20E1000A}.Debug|ARM.ActiveCfg = Debug|Any CPU
		{9E06FEE1-4394-4B38-B1CA-B9EB20E1000A}.Debug|ARM.Build.0 = Debug|Any CPU
		{9E06FEE1-4394-4B38-B1CA-B9EB20E1000A}.Debug|ARM.Deploy.0 = Debug|Any CPU
		{9E06FEE1-4394-4B38-B1CA-B9EB20E1000A}.Debug|iPhone.ActiveCfg = Debug|Any CPU
		{9E06FEE1-4394-4B38-B1CA-B9EB20E1000A}.Debug|iPhone.Build.0 = Debug|Any CPU
		{9E06FEE1-4394-4B38-B1CA-B9EB20E1000A}.Debug|iPhoneSimulator.ActiveCfg = Debug|Any CPU
		{9E06FEE1-4394-4B38-B1CA-B9EB20E1000A}.Debug|iPhoneSimulator.Build.0 = Debug|Any CPU
		{9E06FEE1-4394-4B38-B1CA-B9EB20E1000A}.Debug|x64.ActiveCfg = Debug|Any CPU
		{9E06FEE1-4394-4B38-B1CA-B9EB20E1000A}.Debug|x64.Build.0 = Debug|Any CPU
		{9E06FEE1-4394-4B38-B1CA-B9EB20E1000A}.Debug|x64.Deploy.0 = Debug|Any CPU
		{9E06FEE1-4394-4B38-B1CA-B9EB20E1000A}.Debug|x86.ActiveCfg = Debug|Any CPU
		{9E06FEE1-4394-4B38-B1CA-B9EB20E1000A}.Debug|x86.Build.0 = Debug|Any CPU
		{9E06FEE1-4394-4B38-B1CA-B9EB20E1000A}.Debug|x86.Deploy.0 = Debug|Any CPU
		{9E06FEE1-4394-4B38-B1CA-B9EB20E1000A}.Release|Any CPU.ActiveCfg = Release|Any CPU
		{9E06FEE1-4394-4B38-B1CA-B9EB20E1000A}.Release|Any CPU.Build.0 = Release|Any CPU
		{9E06FEE1-4394-4B38-B1CA-B9EB20E1000A}.Release|ARM.ActiveCfg = Release|Any CPU
		{9E06FEE1-4394-4B38-B1CA-B9EB20E1000A}.Release|ARM.Build.0 = Release|Any CPU
		{9E06FEE1-4394-4B38-B1CA-B9EB20E1000A}.Release|ARM.Deploy.0 = Release|Any CPU
		{9E06FEE1-4394-4B38-B1CA-B9EB20E1000A}.Release|iPhone.ActiveCfg = Release|Any CPU
		{9E06FEE1-4394-4B38-B1CA-B9EB20E1000A}.Release|iPhone.Build.0 = Release|Any CPU
		{9E06FEE1-4394-4B38-B1CA-B9EB20E1000A}.Release|iPhoneSimulator.ActiveCfg = Release|Any CPU
		{9E06FEE1-4394-4B38-B1CA-B9EB20E1000A}.Release|iPhoneSimulator.Build.0 = Release|Any CPU
		{9E06FEE1-4394-4B38-B1CA-B9EB20E1000A}.Release|x64.ActiveCfg = Release|Any CPU
		{9E06FEE1-4394-4B38-B1CA-B9EB20E1000A}.Release|x64.Build.0 = Release|Any CPU
		{9E06FEE1-4394-4B38-B1CA-B9EB20E1000A}.Release|x64.Deploy.0 = Release|Any CPU
		{9E06FEE1-4394-4B38-B1CA-B9EB20E1000A}.Release|x86.ActiveCfg = Release|Any CPU
		{9E06FEE1-4394-4B38-B1CA-B9EB20E1000A}.Release|x86.Build.0 = Release|Any CPU
		{9E06FEE1-4394-4B38-B1CA-B9EB20E1000A}.Release|x86.Deploy.0 = Release|Any CPU
		{C2372F33-50C4-4327-BF78-49EF3DED3348}.Debug|Any CPU.ActiveCfg = Debug|Any CPU
		{C2372F33-50C4-4327-BF78-49EF3DED3348}.Debug|Any CPU.Build.0 = Debug|Any CPU
		{C2372F33-50C4-4327-BF78-49EF3DED3348}.Debug|ARM.ActiveCfg = Debug|Any CPU
		{C2372F33-50C4-4327-BF78-49EF3DED3348}.Debug|iPhone.ActiveCfg = Debug|Any CPU
		{C2372F33-50C4-4327-BF78-49EF3DED3348}.Debug|iPhone.Build.0 = Debug|Any CPU
		{C2372F33-50C4-4327-BF78-49EF3DED3348}.Debug|iPhoneSimulator.ActiveCfg = Debug|Any CPU
		{C2372F33-50C4-4327-BF78-49EF3DED3348}.Debug|iPhoneSimulator.Build.0 = Debug|Any CPU
		{C2372F33-50C4-4327-BF78-49EF3DED3348}.Debug|x64.ActiveCfg = Debug|Any CPU
		{C2372F33-50C4-4327-BF78-49EF3DED3348}.Debug|x86.ActiveCfg = Debug|Any CPU
		{C2372F33-50C4-4327-BF78-49EF3DED3348}.Release|Any CPU.ActiveCfg = Release|Any CPU
		{C2372F33-50C4-4327-BF78-49EF3DED3348}.Release|Any CPU.Build.0 = Release|Any CPU
		{C2372F33-50C4-4327-BF78-49EF3DED3348}.Release|ARM.ActiveCfg = Release|Any CPU
		{C2372F33-50C4-4327-BF78-49EF3DED3348}.Release|iPhone.ActiveCfg = Release|Any CPU
		{C2372F33-50C4-4327-BF78-49EF3DED3348}.Release|iPhone.Build.0 = Release|Any CPU
		{C2372F33-50C4-4327-BF78-49EF3DED3348}.Release|iPhoneSimulator.ActiveCfg = Release|Any CPU
		{C2372F33-50C4-4327-BF78-49EF3DED3348}.Release|iPhoneSimulator.Build.0 = Release|Any CPU
		{C2372F33-50C4-4327-BF78-49EF3DED3348}.Release|x64.ActiveCfg = Release|Any CPU
		{C2372F33-50C4-4327-BF78-49EF3DED3348}.Release|x86.ActiveCfg = Release|Any CPU
		{6A8D2C66-28A9-490C-9E62-B4AA725629A1}.Debug|Any CPU.ActiveCfg = Debug|Any CPU
		{6A8D2C66-28A9-490C-9E62-B4AA725629A1}.Debug|Any CPU.Build.0 = Debug|Any CPU
		{6A8D2C66-28A9-490C-9E62-B4AA725629A1}.Debug|Any CPU.Deploy.0 = Debug|Any CPU
		{6A8D2C66-28A9-490C-9E62-B4AA725629A1}.Debug|ARM.ActiveCfg = Debug|ARM
		{6A8D2C66-28A9-490C-9E62-B4AA725629A1}.Debug|ARM.Build.0 = Debug|ARM
		{6A8D2C66-28A9-490C-9E62-B4AA725629A1}.Debug|ARM.Deploy.0 = Debug|ARM
		{6A8D2C66-28A9-490C-9E62-B4AA725629A1}.Debug|iPhone.ActiveCfg = Debug|Any CPU
		{6A8D2C66-28A9-490C-9E62-B4AA725629A1}.Debug|iPhone.Build.0 = Debug|Any CPU
		{6A8D2C66-28A9-490C-9E62-B4AA725629A1}.Debug|iPhone.Deploy.0 = Debug|Any CPU
		{6A8D2C66-28A9-490C-9E62-B4AA725629A1}.Debug|iPhoneSimulator.ActiveCfg = Debug|Any CPU
		{6A8D2C66-28A9-490C-9E62-B4AA725629A1}.Debug|iPhoneSimulator.Build.0 = Debug|Any CPU
		{6A8D2C66-28A9-490C-9E62-B4AA725629A1}.Debug|iPhoneSimulator.Deploy.0 = Debug|Any CPU
		{6A8D2C66-28A9-490C-9E62-B4AA725629A1}.Debug|x64.ActiveCfg = Debug|Any CPU
		{6A8D2C66-28A9-490C-9E62-B4AA725629A1}.Debug|x64.Build.0 = Debug|Any CPU
		{6A8D2C66-28A9-490C-9E62-B4AA725629A1}.Debug|x64.Deploy.0 = Debug|Any CPU
		{6A8D2C66-28A9-490C-9E62-B4AA725629A1}.Debug|x86.ActiveCfg = Debug|x86
		{6A8D2C66-28A9-490C-9E62-B4AA725629A1}.Debug|x86.Build.0 = Debug|x86
		{6A8D2C66-28A9-490C-9E62-B4AA725629A1}.Debug|x86.Deploy.0 = Debug|x86
		{6A8D2C66-28A9-490C-9E62-B4AA725629A1}.Release|Any CPU.ActiveCfg = Release|Any CPU
		{6A8D2C66-28A9-490C-9E62-B4AA725629A1}.Release|Any CPU.Build.0 = Release|Any CPU
		{6A8D2C66-28A9-490C-9E62-B4AA725629A1}.Release|Any CPU.Deploy.0 = Release|Any CPU
		{6A8D2C66-28A9-490C-9E62-B4AA725629A1}.Release|ARM.ActiveCfg = Release|ARM
		{6A8D2C66-28A9-490C-9E62-B4AA725629A1}.Release|ARM.Build.0 = Release|ARM
		{6A8D2C66-28A9-490C-9E62-B4AA725629A1}.Release|ARM.Deploy.0 = Release|ARM
		{6A8D2C66-28A9-490C-9E62-B4AA725629A1}.Release|iPhone.ActiveCfg = Release|Any CPU
		{6A8D2C66-28A9-490C-9E62-B4AA725629A1}.Release|iPhone.Build.0 = Release|Any CPU
		{6A8D2C66-28A9-490C-9E62-B4AA725629A1}.Release|iPhone.Deploy.0 = Release|Any CPU
		{6A8D2C66-28A9-490C-9E62-B4AA725629A1}.Release|iPhoneSimulator.ActiveCfg = Release|Any CPU
		{6A8D2C66-28A9-490C-9E62-B4AA725629A1}.Release|iPhoneSimulator.Build.0 = Release|Any CPU
		{6A8D2C66-28A9-490C-9E62-B4AA725629A1}.Release|iPhoneSimulator.Deploy.0 = Release|Any CPU
		{6A8D2C66-28A9-490C-9E62-B4AA725629A1}.Release|x64.ActiveCfg = Release|Any CPU
		{6A8D2C66-28A9-490C-9E62-B4AA725629A1}.Release|x64.Build.0 = Release|Any CPU
		{6A8D2C66-28A9-490C-9E62-B4AA725629A1}.Release|x64.Deploy.0 = Release|Any CPU
		{6A8D2C66-28A9-490C-9E62-B4AA725629A1}.Release|x86.ActiveCfg = Release|x86
		{6A8D2C66-28A9-490C-9E62-B4AA725629A1}.Release|x86.Build.0 = Release|x86
		{6A8D2C66-28A9-490C-9E62-B4AA725629A1}.Release|x86.Deploy.0 = Release|x86
		{A4DF95FE-6E5C-4A7A-A554-C8AE606610A8}.Debug|Any CPU.ActiveCfg = Debug|Any CPU
		{A4DF95FE-6E5C-4A7A-A554-C8AE606610A8}.Debug|Any CPU.Build.0 = Debug|Any CPU
		{A4DF95FE-6E5C-4A7A-A554-C8AE606610A8}.Debug|Any CPU.Deploy.0 = Debug|Any CPU
		{A4DF95FE-6E5C-4A7A-A554-C8AE606610A8}.Debug|ARM.ActiveCfg = Debug|ARM
		{A4DF95FE-6E5C-4A7A-A554-C8AE606610A8}.Debug|ARM.Build.0 = Debug|ARM
		{A4DF95FE-6E5C-4A7A-A554-C8AE606610A8}.Debug|ARM.Deploy.0 = Debug|ARM
		{A4DF95FE-6E5C-4A7A-A554-C8AE606610A8}.Debug|iPhone.ActiveCfg = Debug|Any CPU
		{A4DF95FE-6E5C-4A7A-A554-C8AE606610A8}.Debug|iPhone.Build.0 = Debug|Any CPU
		{A4DF95FE-6E5C-4A7A-A554-C8AE606610A8}.Debug|iPhone.Deploy.0 = Debug|Any CPU
		{A4DF95FE-6E5C-4A7A-A554-C8AE606610A8}.Debug|iPhoneSimulator.ActiveCfg = Debug|Any CPU
		{A4DF95FE-6E5C-4A7A-A554-C8AE606610A8}.Debug|iPhoneSimulator.Build.0 = Debug|Any CPU
		{A4DF95FE-6E5C-4A7A-A554-C8AE606610A8}.Debug|iPhoneSimulator.Deploy.0 = Debug|Any CPU
		{A4DF95FE-6E5C-4A7A-A554-C8AE606610A8}.Debug|x64.ActiveCfg = Debug|Any CPU
		{A4DF95FE-6E5C-4A7A-A554-C8AE606610A8}.Debug|x64.Build.0 = Debug|Any CPU
		{A4DF95FE-6E5C-4A7A-A554-C8AE606610A8}.Debug|x64.Deploy.0 = Debug|Any CPU
		{A4DF95FE-6E5C-4A7A-A554-C8AE606610A8}.Debug|x86.ActiveCfg = Debug|x86
		{A4DF95FE-6E5C-4A7A-A554-C8AE606610A8}.Debug|x86.Build.0 = Debug|x86
		{A4DF95FE-6E5C-4A7A-A554-C8AE606610A8}.Debug|x86.Deploy.0 = Debug|x86
		{A4DF95FE-6E5C-4A7A-A554-C8AE606610A8}.Release|Any CPU.ActiveCfg = Release|Any CPU
		{A4DF95FE-6E5C-4A7A-A554-C8AE606610A8}.Release|Any CPU.Build.0 = Release|Any CPU
		{A4DF95FE-6E5C-4A7A-A554-C8AE606610A8}.Release|Any CPU.Deploy.0 = Release|Any CPU
		{A4DF95FE-6E5C-4A7A-A554-C8AE606610A8}.Release|ARM.ActiveCfg = Release|ARM
		{A4DF95FE-6E5C-4A7A-A554-C8AE606610A8}.Release|ARM.Build.0 = Release|ARM
		{A4DF95FE-6E5C-4A7A-A554-C8AE606610A8}.Release|ARM.Deploy.0 = Release|ARM
		{A4DF95FE-6E5C-4A7A-A554-C8AE606610A8}.Release|iPhone.ActiveCfg = Release|Any CPU
		{A4DF95FE-6E5C-4A7A-A554-C8AE606610A8}.Release|iPhone.Build.0 = Release|Any CPU
		{A4DF95FE-6E5C-4A7A-A554-C8AE606610A8}.Release|iPhone.Deploy.0 = Release|Any CPU
		{A4DF95FE-6E5C-4A7A-A554-C8AE606610A8}.Release|iPhoneSimulator.ActiveCfg = Release|Any CPU
		{A4DF95FE-6E5C-4A7A-A554-C8AE606610A8}.Release|iPhoneSimulator.Build.0 = Release|Any CPU
		{A4DF95FE-6E5C-4A7A-A554-C8AE606610A8}.Release|iPhoneSimulator.Deploy.0 = Release|Any CPU
		{A4DF95FE-6E5C-4A7A-A554-C8AE606610A8}.Release|x64.ActiveCfg = Release|Any CPU
		{A4DF95FE-6E5C-4A7A-A554-C8AE606610A8}.Release|x64.Build.0 = Release|Any CPU
		{A4DF95FE-6E5C-4A7A-A554-C8AE606610A8}.Release|x64.Deploy.0 = Release|Any CPU
		{A4DF95FE-6E5C-4A7A-A554-C8AE606610A8}.Release|x86.ActiveCfg = Release|x86
		{A4DF95FE-6E5C-4A7A-A554-C8AE606610A8}.Release|x86.Build.0 = Release|x86
		{A4DF95FE-6E5C-4A7A-A554-C8AE606610A8}.Release|x86.Deploy.0 = Release|x86
		{0136A40B-9888-4704-B0D3-4405EA22063E}.Debug|Any CPU.ActiveCfg = Debug|Any CPU
		{0136A40B-9888-4704-B0D3-4405EA22063E}.Debug|Any CPU.Build.0 = Debug|Any CPU
		{0136A40B-9888-4704-B0D3-4405EA22063E}.Debug|Any CPU.Deploy.0 = Debug|Any CPU
		{0136A40B-9888-4704-B0D3-4405EA22063E}.Debug|ARM.ActiveCfg = Debug|ARM
		{0136A40B-9888-4704-B0D3-4405EA22063E}.Debug|ARM.Build.0 = Debug|ARM
		{0136A40B-9888-4704-B0D3-4405EA22063E}.Debug|ARM.Deploy.0 = Debug|ARM
		{0136A40B-9888-4704-B0D3-4405EA22063E}.Debug|iPhone.ActiveCfg = Debug|Any CPU
		{0136A40B-9888-4704-B0D3-4405EA22063E}.Debug|iPhone.Build.0 = Debug|Any CPU
		{0136A40B-9888-4704-B0D3-4405EA22063E}.Debug|iPhone.Deploy.0 = Debug|Any CPU
		{0136A40B-9888-4704-B0D3-4405EA22063E}.Debug|iPhoneSimulator.ActiveCfg = Debug|Any CPU
		{0136A40B-9888-4704-B0D3-4405EA22063E}.Debug|iPhoneSimulator.Build.0 = Debug|Any CPU
		{0136A40B-9888-4704-B0D3-4405EA22063E}.Debug|iPhoneSimulator.Deploy.0 = Debug|Any CPU
		{0136A40B-9888-4704-B0D3-4405EA22063E}.Debug|x64.ActiveCfg = Debug|x64
		{0136A40B-9888-4704-B0D3-4405EA22063E}.Debug|x64.Build.0 = Debug|x64
		{0136A40B-9888-4704-B0D3-4405EA22063E}.Debug|x64.Deploy.0 = Debug|x64
		{0136A40B-9888-4704-B0D3-4405EA22063E}.Debug|x86.ActiveCfg = Debug|x86
		{0136A40B-9888-4704-B0D3-4405EA22063E}.Debug|x86.Build.0 = Debug|x86
		{0136A40B-9888-4704-B0D3-4405EA22063E}.Debug|x86.Deploy.0 = Debug|x86
		{0136A40B-9888-4704-B0D3-4405EA22063E}.Release|Any CPU.ActiveCfg = Release|Any CPU
		{0136A40B-9888-4704-B0D3-4405EA22063E}.Release|Any CPU.Build.0 = Release|Any CPU
		{0136A40B-9888-4704-B0D3-4405EA22063E}.Release|Any CPU.Deploy.0 = Release|Any CPU
		{0136A40B-9888-4704-B0D3-4405EA22063E}.Release|ARM.ActiveCfg = Release|ARM
		{0136A40B-9888-4704-B0D3-4405EA22063E}.Release|ARM.Build.0 = Release|ARM
		{0136A40B-9888-4704-B0D3-4405EA22063E}.Release|ARM.Deploy.0 = Release|ARM
		{0136A40B-9888-4704-B0D3-4405EA22063E}.Release|iPhone.ActiveCfg = Release|Any CPU
		{0136A40B-9888-4704-B0D3-4405EA22063E}.Release|iPhone.Build.0 = Release|Any CPU
		{0136A40B-9888-4704-B0D3-4405EA22063E}.Release|iPhone.Deploy.0 = Release|Any CPU
		{0136A40B-9888-4704-B0D3-4405EA22063E}.Release|iPhoneSimulator.ActiveCfg = Release|Any CPU
		{0136A40B-9888-4704-B0D3-4405EA22063E}.Release|iPhoneSimulator.Build.0 = Release|Any CPU
		{0136A40B-9888-4704-B0D3-4405EA22063E}.Release|iPhoneSimulator.Deploy.0 = Release|Any CPU
		{0136A40B-9888-4704-B0D3-4405EA22063E}.Release|x64.ActiveCfg = Release|x64
		{0136A40B-9888-4704-B0D3-4405EA22063E}.Release|x64.Build.0 = Release|x64
		{0136A40B-9888-4704-B0D3-4405EA22063E}.Release|x64.Deploy.0 = Release|x64
		{0136A40B-9888-4704-B0D3-4405EA22063E}.Release|x86.ActiveCfg = Release|x86
		{0136A40B-9888-4704-B0D3-4405EA22063E}.Release|x86.Build.0 = Release|x86
		{0136A40B-9888-4704-B0D3-4405EA22063E}.Release|x86.Deploy.0 = Release|x86
		{05C0E09C-95F9-4C36-B600-6F5963C550CB}.Debug|Any CPU.ActiveCfg = Debug|Any CPU
		{05C0E09C-95F9-4C36-B600-6F5963C550CB}.Debug|Any CPU.Build.0 = Debug|Any CPU
		{05C0E09C-95F9-4C36-B600-6F5963C550CB}.Debug|ARM.ActiveCfg = Debug|Any CPU
		{05C0E09C-95F9-4C36-B600-6F5963C550CB}.Debug|ARM.Build.0 = Debug|Any CPU
		{05C0E09C-95F9-4C36-B600-6F5963C550CB}.Debug|iPhone.ActiveCfg = Debug|Any CPU
		{05C0E09C-95F9-4C36-B600-6F5963C550CB}.Debug|iPhone.Build.0 = Debug|Any CPU
		{05C0E09C-95F9-4C36-B600-6F5963C550CB}.Debug|iPhoneSimulator.ActiveCfg = Debug|Any CPU
		{05C0E09C-95F9-4C36-B600-6F5963C550CB}.Debug|iPhoneSimulator.Build.0 = Debug|Any CPU
		{05C0E09C-95F9-4C36-B600-6F5963C550CB}.Debug|x64.ActiveCfg = Debug|Any CPU
		{05C0E09C-95F9-4C36-B600-6F5963C550CB}.Debug|x64.Build.0 = Debug|Any CPU
		{05C0E09C-95F9-4C36-B600-6F5963C550CB}.Debug|x86.ActiveCfg = Debug|Any CPU
		{05C0E09C-95F9-4C36-B600-6F5963C550CB}.Debug|x86.Build.0 = Debug|Any CPU
		{05C0E09C-95F9-4C36-B600-6F5963C550CB}.Release|Any CPU.ActiveCfg = Release|Any CPU
		{05C0E09C-95F9-4C36-B600-6F5963C550CB}.Release|Any CPU.Build.0 = Release|Any CPU
		{05C0E09C-95F9-4C36-B600-6F5963C550CB}.Release|ARM.ActiveCfg = Release|Any CPU
		{05C0E09C-95F9-4C36-B600-6F5963C550CB}.Release|ARM.Build.0 = Release|Any CPU
		{05C0E09C-95F9-4C36-B600-6F5963C550CB}.Release|iPhone.ActiveCfg = Release|Any CPU
		{05C0E09C-95F9-4C36-B600-6F5963C550CB}.Release|iPhone.Build.0 = Release|Any CPU
		{05C0E09C-95F9-4C36-B600-6F5963C550CB}.Release|iPhoneSimulator.ActiveCfg = Release|Any CPU
		{05C0E09C-95F9-4C36-B600-6F5963C550CB}.Release|iPhoneSimulator.Build.0 = Release|Any CPU
		{05C0E09C-95F9-4C36-B600-6F5963C550CB}.Release|x64.ActiveCfg = Release|Any CPU
		{05C0E09C-95F9-4C36-B600-6F5963C550CB}.Release|x64.Build.0 = Release|Any CPU
		{05C0E09C-95F9-4C36-B600-6F5963C550CB}.Release|x86.ActiveCfg = Release|Any CPU
		{05C0E09C-95F9-4C36-B600-6F5963C550CB}.Release|x86.Build.0 = Release|Any CPU
		{CA797000-F072-4799-9DD4-3DF1F8E380FD}.Debug|Any CPU.ActiveCfg = Debug|Any CPU
		{CA797000-F072-4799-9DD4-3DF1F8E380FD}.Debug|Any CPU.Build.0 = Debug|Any CPU
		{CA797000-F072-4799-9DD4-3DF1F8E380FD}.Debug|ARM.ActiveCfg = Debug|Any CPU
		{CA797000-F072-4799-9DD4-3DF1F8E380FD}.Debug|ARM.Build.0 = Debug|Any CPU
		{CA797000-F072-4799-9DD4-3DF1F8E380FD}.Debug|iPhone.ActiveCfg = Debug|Any CPU
		{CA797000-F072-4799-9DD4-3DF1F8E380FD}.Debug|iPhone.Build.0 = Debug|Any CPU
		{CA797000-F072-4799-9DD4-3DF1F8E380FD}.Debug|iPhoneSimulator.ActiveCfg = Debug|Any CPU
		{CA797000-F072-4799-9DD4-3DF1F8E380FD}.Debug|iPhoneSimulator.Build.0 = Debug|Any CPU
		{CA797000-F072-4799-9DD4-3DF1F8E380FD}.Debug|x64.ActiveCfg = Debug|Any CPU
		{CA797000-F072-4799-9DD4-3DF1F8E380FD}.Debug|x64.Build.0 = Debug|Any CPU
		{CA797000-F072-4799-9DD4-3DF1F8E380FD}.Debug|x86.ActiveCfg = Debug|Any CPU
		{CA797000-F072-4799-9DD4-3DF1F8E380FD}.Debug|x86.Build.0 = Debug|Any CPU
		{CA797000-F072-4799-9DD4-3DF1F8E380FD}.Release|Any CPU.ActiveCfg = Release|Any CPU
		{CA797000-F072-4799-9DD4-3DF1F8E380FD}.Release|Any CPU.Build.0 = Release|Any CPU
		{CA797000-F072-4799-9DD4-3DF1F8E380FD}.Release|ARM.ActiveCfg = Release|Any CPU
		{CA797000-F072-4799-9DD4-3DF1F8E380FD}.Release|ARM.Build.0 = Release|Any CPU
		{CA797000-F072-4799-9DD4-3DF1F8E380FD}.Release|iPhone.ActiveCfg = Release|Any CPU
		{CA797000-F072-4799-9DD4-3DF1F8E380FD}.Release|iPhone.Build.0 = Release|Any CPU
		{CA797000-F072-4799-9DD4-3DF1F8E380FD}.Release|iPhoneSimulator.ActiveCfg = Release|Any CPU
		{CA797000-F072-4799-9DD4-3DF1F8E380FD}.Release|iPhoneSimulator.Build.0 = Release|Any CPU
		{CA797000-F072-4799-9DD4-3DF1F8E380FD}.Release|x64.ActiveCfg = Release|Any CPU
		{CA797000-F072-4799-9DD4-3DF1F8E380FD}.Release|x64.Build.0 = Release|Any CPU
		{CA797000-F072-4799-9DD4-3DF1F8E380FD}.Release|x86.ActiveCfg = Release|Any CPU
		{CA797000-F072-4799-9DD4-3DF1F8E380FD}.Release|x86.Build.0 = Release|Any CPU
		{A5568E8C-1CF8-493A-A63D-74775D9E02EC}.Debug|Any CPU.ActiveCfg = Debug|Any CPU
		{A5568E8C-1CF8-493A-A63D-74775D9E02EC}.Debug|Any CPU.Build.0 = Debug|Any CPU
		{A5568E8C-1CF8-493A-A63D-74775D9E02EC}.Debug|ARM.ActiveCfg = Debug|Any CPU
		{A5568E8C-1CF8-493A-A63D-74775D9E02EC}.Debug|ARM.Build.0 = Debug|Any CPU
		{A5568E8C-1CF8-493A-A63D-74775D9E02EC}.Debug|iPhone.ActiveCfg = Debug|Any CPU
		{A5568E8C-1CF8-493A-A63D-74775D9E02EC}.Debug|iPhone.Build.0 = Debug|Any CPU
		{A5568E8C-1CF8-493A-A63D-74775D9E02EC}.Debug|iPhoneSimulator.ActiveCfg = Debug|Any CPU
		{A5568E8C-1CF8-493A-A63D-74775D9E02EC}.Debug|iPhoneSimulator.Build.0 = Debug|Any CPU
		{A5568E8C-1CF8-493A-A63D-74775D9E02EC}.Debug|x64.ActiveCfg = Debug|Any CPU
		{A5568E8C-1CF8-493A-A63D-74775D9E02EC}.Debug|x64.Build.0 = Debug|Any CPU
		{A5568E8C-1CF8-493A-A63D-74775D9E02EC}.Debug|x86.ActiveCfg = Debug|Any CPU
		{A5568E8C-1CF8-493A-A63D-74775D9E02EC}.Debug|x86.Build.0 = Debug|Any CPU
		{A5568E8C-1CF8-493A-A63D-74775D9E02EC}.Release|Any CPU.ActiveCfg = Release|Any CPU
		{A5568E8C-1CF8-493A-A63D-74775D9E02EC}.Release|Any CPU.Build.0 = Release|Any CPU
		{A5568E8C-1CF8-493A-A63D-74775D9E02EC}.Release|ARM.ActiveCfg = Release|Any CPU
		{A5568E8C-1CF8-493A-A63D-74775D9E02EC}.Release|ARM.Build.0 = Release|Any CPU
		{A5568E8C-1CF8-493A-A63D-74775D9E02EC}.Release|iPhone.ActiveCfg = Release|Any CPU
		{A5568E8C-1CF8-493A-A63D-74775D9E02EC}.Release|iPhone.Build.0 = Release|Any CPU
		{A5568E8C-1CF8-493A-A63D-74775D9E02EC}.Release|iPhoneSimulator.ActiveCfg = Release|Any CPU
		{A5568E8C-1CF8-493A-A63D-74775D9E02EC}.Release|iPhoneSimulator.Build.0 = Release|Any CPU
		{A5568E8C-1CF8-493A-A63D-74775D9E02EC}.Release|x64.ActiveCfg = Release|Any CPU
		{A5568E8C-1CF8-493A-A63D-74775D9E02EC}.Release|x64.Build.0 = Release|Any CPU
		{A5568E8C-1CF8-493A-A63D-74775D9E02EC}.Release|x86.ActiveCfg = Release|Any CPU
		{A5568E8C-1CF8-493A-A63D-74775D9E02EC}.Release|x86.Build.0 = Release|Any CPU
	EndGlobalSection
	GlobalSection(SolutionProperties) = preSolution
		HideSolutionNode = FALSE
	EndGlobalSection
	GlobalSection(NestedProjects) = preSolution
		{88578A15-90C9-4B9E-9E3E-9F95F755821E} = {01B967B0-E26B-4890-A695-053245E37CC1}
		{9E06FEE1-4394-4B38-B1CA-B9EB20E1000A} = {01B967B0-E26B-4890-A695-053245E37CC1}
		{C2372F33-50C4-4327-BF78-49EF3DED3348} = {01B967B0-E26B-4890-A695-053245E37CC1}
		{6A8D2C66-28A9-490C-9E62-B4AA725629A1} = {01B967B0-E26B-4890-A695-053245E37CC1}
		{A4DF95FE-6E5C-4A7A-A554-C8AE606610A8} = {01B967B0-E26B-4890-A695-053245E37CC1}
		{0136A40B-9888-4704-B0D3-4405EA22063E} = {01B967B0-E26B-4890-A695-053245E37CC1}
		{05C0E09C-95F9-4C36-B600-6F5963C550CB} = {01B967B0-E26B-4890-A695-053245E37CC1}
		{CA797000-F072-4799-9DD4-3DF1F8E380FD} = {01B967B0-E26B-4890-A695-053245E37CC1}
	EndGlobalSection
EndGlobal
